// !$*UTF8*$!
{
	archiveVersion = 1;
	classes = {
	};
	objectVersion = 50;
	objects = {

/* Begin PBXBuildFile section */
		B70DF9D226A5334F00457EAB /* Color.swift in Sources */ = {isa = PBXBuildFile; fileRef = B70DF9D126A5334F00457EAB /* Color.swift */; };
		B78EA04F26B3B69C006B2AC8 /* HomeViewModel.swift in Sources */ = {isa = PBXBuildFile; fileRef = B78EA04E26B3B69C006B2AC8 /* HomeViewModel.swift */; };
		B78EA05226B3BC0D006B2AC8 /* CoinDataService.swift in Sources */ = {isa = PBXBuildFile; fileRef = B78EA05126B3BC0D006B2AC8 /* CoinDataService.swift */; };
		B78EA05526B3D02B006B2AC8 /* NetworkingManager.swift in Sources */ = {isa = PBXBuildFile; fileRef = B78EA05426B3D02B006B2AC8 /* NetworkingManager.swift */; };
		B78EA05826B3D52D006B2AC8 /* CoinImageView.swift in Sources */ = {isa = PBXBuildFile; fileRef = B78EA05726B3D52D006B2AC8 /* CoinImageView.swift */; };
		B78EA05A26B3D642006B2AC8 /* CoinImageService.swift in Sources */ = {isa = PBXBuildFile; fileRef = B78EA05926B3D642006B2AC8 /* CoinImageService.swift */; };
		B78EA05C26B3D76C006B2AC8 /* CoinImageViewModel.swift in Sources */ = {isa = PBXBuildFile; fileRef = B78EA05B26B3D76C006B2AC8 /* CoinImageViewModel.swift */; };
		B78EA05E26B3ED8F006B2AC8 /* LocalFileManager.swift in Sources */ = {isa = PBXBuildFile; fileRef = B78EA05D26B3ED8F006B2AC8 /* LocalFileManager.swift */; };
		B78EA06026B3FDF9006B2AC8 /* SearchBarView.swift in Sources */ = {isa = PBXBuildFile; fileRef = B78EA05F26B3FDF9006B2AC8 /* SearchBarView.swift */; };
		B78EA06226B401A5006B2AC8 /* UIApplication.swift in Sources */ = {isa = PBXBuildFile; fileRef = B78EA06126B401A5006B2AC8 /* UIApplication.swift */; };
		B78EA06426B407FF006B2AC8 /* StatisticModel.swift in Sources */ = {isa = PBXBuildFile; fileRef = B78EA06326B407FF006B2AC8 /* StatisticModel.swift */; };
		B78EA06626B4091F006B2AC8 /* StatisticView.swift in Sources */ = {isa = PBXBuildFile; fileRef = B78EA06526B4091F006B2AC8 /* StatisticView.swift */; };
		B78EA06826B40BD8006B2AC8 /* HomeStatsView.swift in Sources */ = {isa = PBXBuildFile; fileRef = B78EA06726B40BD8006B2AC8 /* HomeStatsView.swift */; };
		B78EA06A26B431D3006B2AC8 /* MarketDataModel.swift in Sources */ = {isa = PBXBuildFile; fileRef = B78EA06926B431D3006B2AC8 /* MarketDataModel.swift */; };
		B78EA06C26B4347B006B2AC8 /* MarketDataService.swift in Sources */ = {isa = PBXBuildFile; fileRef = B78EA06B26B4347B006B2AC8 /* MarketDataService.swift */; };
		B78EA06E26B444C3006B2AC8 /* PortfolioView.swift in Sources */ = {isa = PBXBuildFile; fileRef = B78EA06D26B444C3006B2AC8 /* PortfolioView.swift */; };
		B78EA07026B4466C006B2AC8 /* XMarkButton.swift in Sources */ = {isa = PBXBuildFile; fileRef = B78EA06F26B4466C006B2AC8 /* XMarkButton.swift */; };
		B78EA07226B4482B006B2AC8 /* CoinLogoView.swift in Sources */ = {isa = PBXBuildFile; fileRef = B78EA07126B4482B006B2AC8 /* CoinLogoView.swift */; };
		B78EA07526B50939006B2AC8 /* PortfolioContainer.xcdatamodeld in Sources */ = {isa = PBXBuildFile; fileRef = B78EA07326B50939006B2AC8 /* PortfolioContainer.xcdatamodeld */; };
		B78EA07726B509CC006B2AC8 /* PortfolioDataService.swift in Sources */ = {isa = PBXBuildFile; fileRef = B78EA07626B509CC006B2AC8 /* PortfolioDataService.swift */; };
		B7A03E4226B96A9C00964341 /* DetailView.swift in Sources */ = {isa = PBXBuildFile; fileRef = B7A03E4126B96A9C00964341 /* DetailView.swift */; };
		B7BD016526B69A0800CD834D /* HapticManager.swift in Sources */ = {isa = PBXBuildFile; fileRef = B7BD016426B69A0800CD834D /* HapticManager.swift */; };
		B7C20E6126B19119005054A1 /* HomeView.swift in Sources */ = {isa = PBXBuildFile; fileRef = B7C20E6026B19119005054A1 /* HomeView.swift */; };
		B7C20E6526B19F28005054A1 /* CircleButtonView.swift in Sources */ = {isa = PBXBuildFile; fileRef = B7C20E6426B19F28005054A1 /* CircleButtonView.swift */; };
		B7C20E6726B1A11E005054A1 /* CircleButtonAnimationView.swift in Sources */ = {isa = PBXBuildFile; fileRef = B7C20E6626B1A11E005054A1 /* CircleButtonAnimationView.swift */; };
		B7C20E6A26B1A420005054A1 /* CoinModel.swift in Sources */ = {isa = PBXBuildFile; fileRef = B7C20E6926B1A420005054A1 /* CoinModel.swift */; };
		B7C20E6C26B1AA62005054A1 /* CoinRowView.swift in Sources */ = {isa = PBXBuildFile; fileRef = B7C20E6B26B1AA62005054A1 /* CoinRowView.swift */; };
		B7C20E6E26B1AAC0005054A1 /* PreviewProvider.swift in Sources */ = {isa = PBXBuildFile; fileRef = B7C20E6D26B1AAC0005054A1 /* PreviewProvider.swift */; };
		B7C20E7026B1AD51005054A1 /* Double.swift in Sources */ = {isa = PBXBuildFile; fileRef = B7C20E6F26B1AD51005054A1 /* Double.swift */; };
		B7D8680C26A2D77400A749FE /* SwiftUICryptoApp.swift in Sources */ = {isa = PBXBuildFile; fileRef = B7D8680B26A2D77400A749FE /* SwiftUICryptoApp.swift */; };
		B7D8680E26A2D77400A749FE /* ContentView.swift in Sources */ = {isa = PBXBuildFile; fileRef = B7D8680D26A2D77400A749FE /* ContentView.swift */; };
		B7D8681026A2D77500A749FE /* Assets.xcassets in Resources */ = {isa = PBXBuildFile; fileRef = B7D8680F26A2D77500A749FE /* Assets.xcassets */; };
		B7D8681326A2D77500A749FE /* Preview Assets.xcassets in Resources */ = {isa = PBXBuildFile; fileRef = B7D8681226A2D77500A749FE /* Preview Assets.xcassets */; };
/* End PBXBuildFile section */

/* Begin PBXFileReference section */
		B70DF9D126A5334F00457EAB /* Color.swift */ = {isa = PBXFileReference; lastKnownFileType = sourcecode.swift; path = Color.swift; sourceTree = "<group>"; };
		B78EA04E26B3B69C006B2AC8 /* HomeViewModel.swift */ = {isa = PBXFileReference; lastKnownFileType = sourcecode.swift; path = HomeViewModel.swift; sourceTree = "<group>"; };
		B78EA05126B3BC0D006B2AC8 /* CoinDataService.swift */ = {isa = PBXFileReference; lastKnownFileType = sourcecode.swift; path = CoinDataService.swift; sourceTree = "<group>"; };
		B78EA05426B3D02B006B2AC8 /* NetworkingManager.swift */ = {isa = PBXFileReference; lastKnownFileType = sourcecode.swift; path = NetworkingManager.swift; sourceTree = "<group>"; };
		B78EA05726B3D52D006B2AC8 /* CoinImageView.swift */ = {isa = PBXFileReference; lastKnownFileType = sourcecode.swift; path = CoinImageView.swift; sourceTree = "<group>"; };
		B78EA05926B3D642006B2AC8 /* CoinImageService.swift */ = {isa = PBXFileReference; lastKnownFileType = sourcecode.swift; path = CoinImageService.swift; sourceTree = "<group>"; };
		B78EA05B26B3D76C006B2AC8 /* CoinImageViewModel.swift */ = {isa = PBXFileReference; lastKnownFileType = sourcecode.swift; path = CoinImageViewModel.swift; sourceTree = "<group>"; };
		B78EA05D26B3ED8F006B2AC8 /* LocalFileManager.swift */ = {isa = PBXFileReference; lastKnownFileType = sourcecode.swift; path = LocalFileManager.swift; sourceTree = "<group>"; };
		B78EA05F26B3FDF9006B2AC8 /* SearchBarView.swift */ = {isa = PBXFileReference; lastKnownFileType = sourcecode.swift; path = SearchBarView.swift; sourceTree = "<group>"; };
		B78EA06126B401A5006B2AC8 /* UIApplication.swift */ = {isa = PBXFileReference; lastKnownFileType = sourcecode.swift; path = UIApplication.swift; sourceTree = "<group>"; };
		B78EA06326B407FF006B2AC8 /* StatisticModel.swift */ = {isa = PBXFileReference; lastKnownFileType = sourcecode.swift; path = StatisticModel.swift; sourceTree = "<group>"; };
		B78EA06526B4091F006B2AC8 /* StatisticView.swift */ = {isa = PBXFileReference; lastKnownFileType = sourcecode.swift; path = StatisticView.swift; sourceTree = "<group>"; };
		B78EA06726B40BD8006B2AC8 /* HomeStatsView.swift */ = {isa = PBXFileReference; lastKnownFileType = sourcecode.swift; path = HomeStatsView.swift; sourceTree = "<group>"; };
		B78EA06926B431D3006B2AC8 /* MarketDataModel.swift */ = {isa = PBXFileReference; lastKnownFileType = sourcecode.swift; path = MarketDataModel.swift; sourceTree = "<group>"; };
		B78EA06B26B4347B006B2AC8 /* MarketDataService.swift */ = {isa = PBXFileReference; lastKnownFileType = sourcecode.swift; path = MarketDataService.swift; sourceTree = "<group>"; };
		B78EA06D26B444C3006B2AC8 /* PortfolioView.swift */ = {isa = PBXFileReference; lastKnownFileType = sourcecode.swift; path = PortfolioView.swift; sourceTree = "<group>"; };
		B78EA06F26B4466C006B2AC8 /* XMarkButton.swift */ = {isa = PBXFileReference; lastKnownFileType = sourcecode.swift; path = XMarkButton.swift; sourceTree = "<group>"; };
		B78EA07126B4482B006B2AC8 /* CoinLogoView.swift */ = {isa = PBXFileReference; lastKnownFileType = sourcecode.swift; path = CoinLogoView.swift; sourceTree = "<group>"; };
		B78EA07426B50939006B2AC8 /* PortfolioContainer.xcdatamodel */ = {isa = PBXFileReference; lastKnownFileType = wrapper.xcdatamodel; path = PortfolioContainer.xcdatamodel; sourceTree = "<group>"; };
		B78EA07626B509CC006B2AC8 /* PortfolioDataService.swift */ = {isa = PBXFileReference; lastKnownFileType = sourcecode.swift; path = PortfolioDataService.swift; sourceTree = "<group>"; };
		B7A03E4126B96A9C00964341 /* DetailView.swift */ = {isa = PBXFileReference; lastKnownFileType = sourcecode.swift; path = DetailView.swift; sourceTree = "<group>"; };
		B7BD016426B69A0800CD834D /* HapticManager.swift */ = {isa = PBXFileReference; lastKnownFileType = sourcecode.swift; path = HapticManager.swift; sourceTree = "<group>"; };
		B7C20E6026B19119005054A1 /* HomeView.swift */ = {isa = PBXFileReference; lastKnownFileType = sourcecode.swift; path = HomeView.swift; sourceTree = "<group>"; };
		B7C20E6426B19F28005054A1 /* CircleButtonView.swift */ = {isa = PBXFileReference; lastKnownFileType = sourcecode.swift; path = CircleButtonView.swift; sourceTree = "<group>"; };
		B7C20E6626B1A11E005054A1 /* CircleButtonAnimationView.swift */ = {isa = PBXFileReference; lastKnownFileType = sourcecode.swift; path = CircleButtonAnimationView.swift; sourceTree = "<group>"; };
		B7C20E6926B1A420005054A1 /* CoinModel.swift */ = {isa = PBXFileReference; lastKnownFileType = sourcecode.swift; path = CoinModel.swift; sourceTree = "<group>"; };
		B7C20E6B26B1AA62005054A1 /* CoinRowView.swift */ = {isa = PBXFileReference; lastKnownFileType = sourcecode.swift; path = CoinRowView.swift; sourceTree = "<group>"; };
		B7C20E6D26B1AAC0005054A1 /* PreviewProvider.swift */ = {isa = PBXFileReference; lastKnownFileType = sourcecode.swift; path = PreviewProvider.swift; sourceTree = "<group>"; };
		B7C20E6F26B1AD51005054A1 /* Double.swift */ = {isa = PBXFileReference; lastKnownFileType = sourcecode.swift; path = Double.swift; sourceTree = "<group>"; };
		B7D8680826A2D77400A749FE /* SwiftUICrypto.app */ = {isa = PBXFileReference; explicitFileType = wrapper.application; includeInIndex = 0; path = SwiftUICrypto.app; sourceTree = BUILT_PRODUCTS_DIR; };
		B7D8680B26A2D77400A749FE /* SwiftUICryptoApp.swift */ = {isa = PBXFileReference; lastKnownFileType = sourcecode.swift; path = SwiftUICryptoApp.swift; sourceTree = "<group>"; };
		B7D8680D26A2D77400A749FE /* ContentView.swift */ = {isa = PBXFileReference; lastKnownFileType = sourcecode.swift; path = ContentView.swift; sourceTree = "<group>"; };
		B7D8680F26A2D77500A749FE /* Assets.xcassets */ = {isa = PBXFileReference; lastKnownFileType = folder.assetcatalog; path = Assets.xcassets; sourceTree = "<group>"; };
		B7D8681226A2D77500A749FE /* Preview Assets.xcassets */ = {isa = PBXFileReference; lastKnownFileType = folder.assetcatalog; path = "Preview Assets.xcassets"; sourceTree = "<group>"; };
		B7D8681426A2D77500A749FE /* Info.plist */ = {isa = PBXFileReference; lastKnownFileType = text.plist.xml; path = Info.plist; sourceTree = "<group>"; };
/* End PBXFileReference section */

/* Begin PBXFrameworksBuildPhase section */
		B7D8680526A2D77400A749FE /* Frameworks */ = {
			isa = PBXFrameworksBuildPhase;
			buildActionMask = 2147483647;
			files = (
			);
			runOnlyForDeploymentPostprocessing = 0;
		};
/* End PBXFrameworksBuildPhase section */

/* Begin PBXGroup section */
		B70DF9D026A5333A00457EAB /* Extensions */ = {
			isa = PBXGroup;
			children = (
				B70DF9D126A5334F00457EAB /* Color.swift */,
				B7C20E6D26B1AAC0005054A1 /* PreviewProvider.swift */,
				B7C20E6F26B1AD51005054A1 /* Double.swift */,
				B78EA06126B401A5006B2AC8 /* UIApplication.swift */,
			);
			path = Extensions;
			sourceTree = "<group>";
		};
		B78EA05026B3BBE3006B2AC8 /* Services */ = {
			isa = PBXGroup;
			children = (
				B78EA05126B3BC0D006B2AC8 /* CoinDataService.swift */,
				B78EA05926B3D642006B2AC8 /* CoinImageService.swift */,
				B78EA06B26B4347B006B2AC8 /* MarketDataService.swift */,
				B78EA07626B509CC006B2AC8 /* PortfolioDataService.swift */,
			);
			path = Services;
			sourceTree = "<group>";
		};
		B78EA05326B3CFFC006B2AC8 /* Utilities */ = {
			isa = PBXGroup;
			children = (
				B78EA05426B3D02B006B2AC8 /* NetworkingManager.swift */,
				B78EA05D26B3ED8F006B2AC8 /* LocalFileManager.swift */,
				B7BD016426B69A0800CD834D /* HapticManager.swift */,
			);
			path = Utilities;
			sourceTree = "<group>";
		};
		B78EA05626B3D51F006B2AC8 /* CoinImage */ = {
			isa = PBXGroup;
			children = (
				B78EA05726B3D52D006B2AC8 /* CoinImageView.swift */,
				B78EA05B26B3D76C006B2AC8 /* CoinImageViewModel.swift */,
				B78EA07126B4482B006B2AC8 /* CoinLogoView.swift */,
			);
			path = CoinImage;
			sourceTree = "<group>";
		};
		B7A03E3E26B96A7300964341 /* Detail */ = {
			isa = PBXGroup;
			children = (
				B7A03E4026B96A8F00964341 /* Views */,
				B7A03E3F26B96A8800964341 /* ViewModels */,
			);
			path = Detail;
			sourceTree = "<group>";
		};
		B7A03E3F26B96A8800964341 /* ViewModels */ = {
			isa = PBXGroup;
			children = (
			);
			path = ViewModels;
			sourceTree = "<group>";
		};
		B7A03E4026B96A8F00964341 /* Views */ = {
			isa = PBXGroup;
			children = (
				B7A03E4126B96A9C00964341 /* DetailView.swift */,
			);
			path = Views;
			sourceTree = "<group>";
		};
		B7C20E5C26B190EA005054A1 /* Core */ = {
			isa = PBXGroup;
			children = (
				B7C20E6226B19EFE005054A1 /* Components */,
				B7C20E5D26B190FA005054A1 /* Home */,
				B7A03E3E26B96A7300964341 /* Detail */,
			);
			path = Core;
			sourceTree = "<group>";
		};
		B7C20E5D26B190FA005054A1 /* Home */ = {
			isa = PBXGroup;
			children = (
				B7C20E5F26B1910D005054A1 /* ViewModels */,
				B7C20E5E26B19105005054A1 /* Views */,
			);
			path = Home;
			sourceTree = "<group>";
		};
		B7C20E5E26B19105005054A1 /* Views */ = {
			isa = PBXGroup;
			children = (
				B7C20E6026B19119005054A1 /* HomeView.swift */,
				B78EA06726B40BD8006B2AC8 /* HomeStatsView.swift */,
				B7C20E6B26B1AA62005054A1 /* CoinRowView.swift */,
				B78EA06D26B444C3006B2AC8 /* PortfolioView.swift */,
			);
			path = Views;
			sourceTree = "<group>";
		};
		B7C20E5F26B1910D005054A1 /* ViewModels */ = {
			isa = PBXGroup;
			children = (
				B78EA04E26B3B69C006B2AC8 /* HomeViewModel.swift */,
			);
			path = ViewModels;
			sourceTree = "<group>";
		};
		B7C20E6226B19EFE005054A1 /* Components */ = {
			isa = PBXGroup;
			children = (
				B78EA05626B3D51F006B2AC8 /* CoinImage */,
				B7C20E6326B19F19005054A1 /* CircleButton */,
				B78EA05F26B3FDF9006B2AC8 /* SearchBarView.swift */,
				B78EA06526B4091F006B2AC8 /* StatisticView.swift */,
				B78EA06F26B4466C006B2AC8 /* XMarkButton.swift */,
			);
			path = Components;
			sourceTree = "<group>";
		};
		B7C20E6326B19F19005054A1 /* CircleButton */ = {
			isa = PBXGroup;
			children = (
				B7C20E6426B19F28005054A1 /* CircleButtonView.swift */,
				B7C20E6626B1A11E005054A1 /* CircleButtonAnimationView.swift */,
			);
			path = CircleButton;
			sourceTree = "<group>";
		};
		B7C20E6826B1A3FE005054A1 /* Models */ = {
			isa = PBXGroup;
			children = (
				B7C20E6926B1A420005054A1 /* CoinModel.swift */,
				B78EA06326B407FF006B2AC8 /* StatisticModel.swift */,
				B78EA06926B431D3006B2AC8 /* MarketDataModel.swift */,
				B78EA07326B50939006B2AC8 /* PortfolioContainer.xcdatamodeld */,
			);
			path = Models;
			sourceTree = "<group>";
		};
		B7D867FF26A2D77400A749FE = {
			isa = PBXGroup;
			children = (
				B7D8680A26A2D77400A749FE /* SwiftUICrypto */,
				B7D8680926A2D77400A749FE /* Products */,
			);
			sourceTree = "<group>";
		};
		B7D8680926A2D77400A749FE /* Products */ = {
			isa = PBXGroup;
			children = (
				B7D8680826A2D77400A749FE /* SwiftUICrypto.app */,
			);
			name = Products;
			sourceTree = "<group>";
		};
		B7D8680A26A2D77400A749FE /* SwiftUICrypto */ = {
			isa = PBXGroup;
			children = (
				B7D8680B26A2D77400A749FE /* SwiftUICryptoApp.swift */,
				B7D8680D26A2D77400A749FE /* ContentView.swift */,
				B78EA05326B3CFFC006B2AC8 /* Utilities */,
				B70DF9D026A5333A00457EAB /* Extensions */,
				B78EA05026B3BBE3006B2AC8 /* Services */,
				B7C20E6826B1A3FE005054A1 /* Models */,
				B7C20E5C26B190EA005054A1 /* Core */,
				B7D8680F26A2D77500A749FE /* Assets.xcassets */,
				B7D8681426A2D77500A749FE /* Info.plist */,
				B7D8681126A2D77500A749FE /* Preview Content */,
			);
			path = SwiftUICrypto;
			sourceTree = "<group>";
		};
		B7D8681126A2D77500A749FE /* Preview Content */ = {
			isa = PBXGroup;
			children = (
				B7D8681226A2D77500A749FE /* Preview Assets.xcassets */,
			);
			path = "Preview Content";
			sourceTree = "<group>";
		};
/* End PBXGroup section */

/* Begin PBXNativeTarget section */
		B7D8680726A2D77400A749FE /* SwiftUICrypto */ = {
			isa = PBXNativeTarget;
			buildConfigurationList = B7D8681726A2D77500A749FE /* Build configuration list for PBXNativeTarget "SwiftUICrypto" */;
			buildPhases = (
				B7D8680426A2D77400A749FE /* Sources */,
				B7D8680526A2D77400A749FE /* Frameworks */,
				B7D8680626A2D77400A749FE /* Resources */,
			);
			buildRules = (
			);
			dependencies = (
			);
			name = SwiftUICrypto;
			productName = SwiftUICrypto;
			productReference = B7D8680826A2D77400A749FE /* SwiftUICrypto.app */;
			productType = "com.apple.product-type.application";
		};
/* End PBXNativeTarget section */

/* Begin PBXProject section */
		B7D8680026A2D77400A749FE /* Project object */ = {
			isa = PBXProject;
			attributes = {
				LastSwiftUpdateCheck = 1250;
				LastUpgradeCheck = 1250;
				TargetAttributes = {
					B7D8680726A2D77400A749FE = {
						CreatedOnToolsVersion = 12.5.1;
					};
				};
			};
			buildConfigurationList = B7D8680326A2D77400A749FE /* Build configuration list for PBXProject "SwiftUICrypto" */;
			compatibilityVersion = "Xcode 9.3";
			developmentRegion = en;
			hasScannedForEncodings = 0;
			knownRegions = (
				en,
				Base,
			);
			mainGroup = B7D867FF26A2D77400A749FE;
			productRefGroup = B7D8680926A2D77400A749FE /* Products */;
			projectDirPath = "";
			projectRoot = "";
			targets = (
				B7D8680726A2D77400A749FE /* SwiftUICrypto */,
			);
		};
/* End PBXProject section */

/* Begin PBXResourcesBuildPhase section */
		B7D8680626A2D77400A749FE /* Resources */ = {
			isa = PBXResourcesBuildPhase;
			buildActionMask = 2147483647;
			files = (
				B7D8681326A2D77500A749FE /* Preview Assets.xcassets in Resources */,
				B7D8681026A2D77500A749FE /* Assets.xcassets in Resources */,
			);
			runOnlyForDeploymentPostprocessing = 0;
		};
/* End PBXResourcesBuildPhase section */

/* Begin PBXSourcesBuildPhase section */
		B7D8680426A2D77400A749FE /* Sources */ = {
			isa = PBXSourcesBuildPhase;
			buildActionMask = 2147483647;
			files = (
				B78EA07526B50939006B2AC8 /* PortfolioContainer.xcdatamodeld in Sources */,
				B78EA06426B407FF006B2AC8 /* StatisticModel.swift in Sources */,
				B78EA05226B3BC0D006B2AC8 /* CoinDataService.swift in Sources */,
				B7C20E6C26B1AA62005054A1 /* CoinRowView.swift in Sources */,
				B78EA07026B4466C006B2AC8 /* XMarkButton.swift in Sources */,
				B78EA04F26B3B69C006B2AC8 /* HomeViewModel.swift in Sources */,
				B7D8680E26A2D77400A749FE /* ContentView.swift in Sources */,
				B78EA05E26B3ED8F006B2AC8 /* LocalFileManager.swift in Sources */,
				B78EA06A26B431D3006B2AC8 /* MarketDataModel.swift in Sources */,
				B7C20E6126B19119005054A1 /* HomeView.swift in Sources */,
				B78EA06626B4091F006B2AC8 /* StatisticView.swift in Sources */,
				B78EA05826B3D52D006B2AC8 /* CoinImageView.swift in Sources */,
				B7D8680C26A2D77400A749FE /* SwiftUICryptoApp.swift in Sources */,
				B78EA06226B401A5006B2AC8 /* UIApplication.swift in Sources */,
				B7C20E6526B19F28005054A1 /* CircleButtonView.swift in Sources */,
				B70DF9D226A5334F00457EAB /* Color.swift in Sources */,
				B7A03E4226B96A9C00964341 /* DetailView.swift in Sources */,
				B7BD016526B69A0800CD834D /* HapticManager.swift in Sources */,
				B78EA06026B3FDF9006B2AC8 /* SearchBarView.swift in Sources */,
				B78EA05526B3D02B006B2AC8 /* NetworkingManager.swift in Sources */,
				B78EA07226B4482B006B2AC8 /* CoinLogoView.swift in Sources */,
				B78EA06826B40BD8006B2AC8 /* HomeStatsView.swift in Sources */,
				B78EA06C26B4347B006B2AC8 /* MarketDataService.swift in Sources */,
				B7C20E6726B1A11E005054A1 /* CircleButtonAnimationView.swift in Sources */,
				B78EA05C26B3D76C006B2AC8 /* CoinImageViewModel.swift in Sources */,
				B7C20E6E26B1AAC0005054A1 /* PreviewProvider.swift in Sources */,
				B78EA06E26B444C3006B2AC8 /* PortfolioView.swift in Sources */,
				B7C20E7026B1AD51005054A1 /* Double.swift in Sources */,
				B78EA05A26B3D642006B2AC8 /* CoinImageService.swift in Sources */,
				B7C20E6A26B1A420005054A1 /* CoinModel.swift in Sources */,
				B78EA07726B509CC006B2AC8 /* PortfolioDataService.swift in Sources */,
			);
			runOnlyForDeploymentPostprocessing = 0;
		};
/* End PBXSourcesBuildPhase section */

/* Begin XCBuildConfiguration section */
		B7D8681526A2D77500A749FE /* Debug */ = {
			isa = XCBuildConfiguration;
			buildSettings = {
				ALWAYS_SEARCH_USER_PATHS = NO;
				CLANG_ANALYZER_NONNULL = YES;
				CLANG_ANALYZER_NUMBER_OBJECT_CONVERSION = YES_AGGRESSIVE;
				CLANG_CXX_LANGUAGE_STANDARD = "gnu++14";
				CLANG_CXX_LIBRARY = "libc++";
				CLANG_ENABLE_MODULES = YES;
				CLANG_ENABLE_OBJC_ARC = YES;
				CLANG_ENABLE_OBJC_WEAK = YES;
				CLANG_WARN_BLOCK_CAPTURE_AUTORELEASING = YES;
				CLANG_WARN_BOOL_CONVERSION = YES;
				CLANG_WARN_COMMA = YES;
				CLANG_WARN_CONSTANT_CONVERSION = YES;
				CLANG_WARN_DEPRECATED_OBJC_IMPLEMENTATIONS = YES;
				CLANG_WARN_DIRECT_OBJC_ISA_USAGE = YES_ERROR;
				CLANG_WARN_DOCUMENTATION_COMMENTS = YES;
				CLANG_WARN_EMPTY_BODY = YES;
				CLANG_WARN_ENUM_CONVERSION = YES;
				CLANG_WARN_INFINITE_RECURSION = YES;
				CLANG_WARN_INT_CONVERSION = YES;
				CLANG_WARN_NON_LITERAL_NULL_CONVERSION = YES;
				CLANG_WARN_OBJC_IMPLICIT_RETAIN_SELF = YES;
				CLANG_WARN_OBJC_LITERAL_CONVERSION = YES;
				CLANG_WARN_OBJC_ROOT_CLASS = YES_ERROR;
				CLANG_WARN_QUOTED_INCLUDE_IN_FRAMEWORK_HEADER = YES;
				CLANG_WARN_RANGE_LOOP_ANALYSIS = YES;
				CLANG_WARN_STRICT_PROTOTYPES = YES;
				CLANG_WARN_SUSPICIOUS_MOVE = YES;
				CLANG_WARN_UNGUARDED_AVAILABILITY = YES_AGGRESSIVE;
				CLANG_WARN_UNREACHABLE_CODE = YES;
				CLANG_WARN__DUPLICATE_METHOD_MATCH = YES;
				COPY_PHASE_STRIP = NO;
				DEBUG_INFORMATION_FORMAT = dwarf;
				ENABLE_STRICT_OBJC_MSGSEND = YES;
				ENABLE_TESTABILITY = YES;
				GCC_C_LANGUAGE_STANDARD = gnu11;
				GCC_DYNAMIC_NO_PIC = NO;
				GCC_NO_COMMON_BLOCKS = YES;
				GCC_OPTIMIZATION_LEVEL = 0;
				GCC_PREPROCESSOR_DEFINITIONS = (
					"DEBUG=1",
					"$(inherited)",
				);
				GCC_WARN_64_TO_32_BIT_CONVERSION = YES;
				GCC_WARN_ABOUT_RETURN_TYPE = YES_ERROR;
				GCC_WARN_UNDECLARED_SELECTOR = YES;
				GCC_WARN_UNINITIALIZED_AUTOS = YES_AGGRESSIVE;
				GCC_WARN_UNUSED_FUNCTION = YES;
				GCC_WARN_UNUSED_VARIABLE = YES;
				IPHONEOS_DEPLOYMENT_TARGET = 14.5;
				MTL_ENABLE_DEBUG_INFO = INCLUDE_SOURCE;
				MTL_FAST_MATH = YES;
				ONLY_ACTIVE_ARCH = YES;
				SDKROOT = iphoneos;
				SWIFT_ACTIVE_COMPILATION_CONDITIONS = DEBUG;
				SWIFT_OPTIMIZATION_LEVEL = "-Onone";
			};
			name = Debug;
		};
		B7D8681626A2D77500A749FE /* Release */ = {
			isa = XCBuildConfiguration;
			buildSettings = {
				ALWAYS_SEARCH_USER_PATHS = NO;
				CLANG_ANALYZER_NONNULL = YES;
				CLANG_ANALYZER_NUMBER_OBJECT_CONVERSION = YES_AGGRESSIVE;
				CLANG_CXX_LANGUAGE_STANDARD = "gnu++14";
				CLANG_CXX_LIBRARY = "libc++";
				CLANG_ENABLE_MODULES = YES;
				CLANG_ENABLE_OBJC_ARC = YES;
				CLANG_ENABLE_OBJC_WEAK = YES;
				CLANG_WARN_BLOCK_CAPTURE_AUTORELEASING = YES;
				CLANG_WARN_BOOL_CONVERSION = YES;
				CLANG_WARN_COMMA = YES;
				CLANG_WARN_CONSTANT_CONVERSION = YES;
				CLANG_WARN_DEPRECATED_OBJC_IMPLEMENTATIONS = YES;
				CLANG_WARN_DIRECT_OBJC_ISA_USAGE = YES_ERROR;
				CLANG_WARN_DOCUMENTATION_COMMENTS = YES;
				CLANG_WARN_EMPTY_BODY = YES;
				CLANG_WARN_ENUM_CONVERSION = YES;
				CLANG_WARN_INFINITE_RECURSION = YES;
				CLANG_WARN_INT_CONVERSION = YES;
				CLANG_WARN_NON_LITERAL_NULL_CONVERSION = YES;
				CLANG_WARN_OBJC_IMPLICIT_RETAIN_SELF = YES;
				CLANG_WARN_OBJC_LITERAL_CONVERSION = YES;
				CLANG_WARN_OBJC_ROOT_CLASS = YES_ERROR;
				CLANG_WARN_QUOTED_INCLUDE_IN_FRAMEWORK_HEADER = YES;
				CLANG_WARN_RANGE_LOOP_ANALYSIS = YES;
				CLANG_WARN_STRICT_PROTOTYPES = YES;
				CLANG_WARN_SUSPICIOUS_MOVE = YES;
				CLANG_WARN_UNGUARDED_AVAILABILITY = YES_AGGRESSIVE;
				CLANG_WARN_UNREACHABLE_CODE = YES;
				CLANG_WARN__DUPLICATE_METHOD_MATCH = YES;
				COPY_PHASE_STRIP = NO;
				DEBUG_INFORMATION_FORMAT = "dwarf-with-dsym";
				ENABLE_NS_ASSERTIONS = NO;
				ENABLE_STRICT_OBJC_MSGSEND = YES;
				GCC_C_LANGUAGE_STANDARD = gnu11;
				GCC_NO_COMMON_BLOCKS = YES;
				GCC_WARN_64_TO_32_BIT_CONVERSION = YES;
				GCC_WARN_ABOUT_RETURN_TYPE = YES_ERROR;
				GCC_WARN_UNDECLARED_SELECTOR = YES;
				GCC_WARN_UNINITIALIZED_AUTOS = YES_AGGRESSIVE;
				GCC_WARN_UNUSED_FUNCTION = YES;
				GCC_WARN_UNUSED_VARIABLE = YES;
				IPHONEOS_DEPLOYMENT_TARGET = 14.5;
				MTL_ENABLE_DEBUG_INFO = NO;
				MTL_FAST_MATH = YES;
				SDKROOT = iphoneos;
				SWIFT_COMPILATION_MODE = wholemodule;
				SWIFT_OPTIMIZATION_LEVEL = "-O";
				VALIDATE_PRODUCT = YES;
			};
			name = Release;
		};
		B7D8681826A2D77500A749FE /* Debug */ = {
			isa = XCBuildConfiguration;
			buildSettings = {
				ASSETCATALOG_COMPILER_APPICON_NAME = AppIcon;
				ASSETCATALOG_COMPILER_GLOBAL_ACCENT_COLOR_NAME = AccentColor;
				CODE_SIGN_STYLE = Automatic;
				DEVELOPMENT_ASSET_PATHS = "\"SwiftUICrypto/Preview Content\"";
				DEVELOPMENT_TEAM = 6DF9D4DMQP;
				ENABLE_PREVIEWS = YES;
				INFOPLIST_FILE = SwiftUICrypto/Info.plist;
				IPHONEOS_DEPLOYMENT_TARGET = 14.0;
				LD_RUNPATH_SEARCH_PATHS = (
					"$(inherited)",
					"@executable_path/Frameworks",
				);
				PRODUCT_BUNDLE_IDENTIFIER = com.rahhul.SwiftUICrypto;
				PRODUCT_NAME = "$(TARGET_NAME)";
				SWIFT_VERSION = 5.0;
				TARGETED_DEVICE_FAMILY = "1,2";
			};
			name = Debug;
		};
		B7D8681926A2D77500A749FE /* Release */ = {
			isa = XCBuildConfiguration;
			buildSettings = {
				ASSETCATALOG_COMPILER_APPICON_NAME = AppIcon;
				ASSETCATALOG_COMPILER_GLOBAL_ACCENT_COLOR_NAME = AccentColor;
				CODE_SIGN_STYLE = Automatic;
				DEVELOPMENT_ASSET_PATHS = "\"SwiftUICrypto/Preview Content\"";
				DEVELOPMENT_TEAM = 6DF9D4DMQP;
				ENABLE_PREVIEWS = YES;
				INFOPLIST_FILE = SwiftUICrypto/Info.plist;
				IPHONEOS_DEPLOYMENT_TARGET = 14.0;
				LD_RUNPATH_SEARCH_PATHS = (
					"$(inherited)",
					"@executable_path/Frameworks",
				);
				PRODUCT_BUNDLE_IDENTIFIER = com.rahhul.SwiftUICrypto;
				PRODUCT_NAME = "$(TARGET_NAME)";
				SWIFT_VERSION = 5.0;
				TARGETED_DEVICE_FAMILY = "1,2";
			};
			name = Release;
		};
/* End XCBuildConfiguration section */

/* Begin XCConfigurationList section */
		B7D8680326A2D77400A749FE /* Build configuration list for PBXProject "SwiftUICrypto" */ = {
			isa = XCConfigurationList;
			buildConfigurations = (
				B7D8681526A2D77500A749FE /* Debug */,
				B7D8681626A2D77500A749FE /* Release */,
			);
			defaultConfigurationIsVisible = 0;
			defaultConfigurationName = Release;
		};
		B7D8681726A2D77500A749FE /* Build configuration list for PBXNativeTarget "SwiftUICrypto" */ = {
			isa = XCConfigurationList;
			buildConfigurations = (
				B7D8681826A2D77500A749FE /* Debug */,
				B7D8681926A2D77500A749FE /* Release */,
			);
			defaultConfigurationIsVisible = 0;
			defaultConfigurationName = Release;
		};
/* End XCConfigurationList section */

/* Begin XCVersionGroup section */
		B78EA07326B50939006B2AC8 /* PortfolioContainer.xcdatamodeld */ = {
			isa = XCVersionGroup;
			children = (
				B78EA07426B50939006B2AC8 /* PortfolioContainer.xcdatamodel */,
			);
			currentVersion = B78EA07426B50939006B2AC8 /* PortfolioContainer.xcdatamodel */;
			path = PortfolioContainer.xcdatamodeld;
			sourceTree = "<group>";
			versionGroupType = wrapper.xcdatamodel;
		};
/* End XCVersionGroup section */
	};
	rootObject = B7D8680026A2D77400A749FE /* Project object */;
}
